
Microsoft Visual Studio Solution File, Format Version 12.00
# Visual Studio Version 17
VisualStudioVersion = 17.10.34916.146
MinimumVisualStudioVersion = 10.0.40219.1
Project("{FAE04EC0-301F-11D3-BF4B-00C04F79EFBC}") = "ARF.Blazor.TravelBookingPlatform", "ARF.Blazor.TravelBookingPlatform\ARF.Blazor.TravelBookingPlatform\ARF.Blazor.TravelBookingPlatform.csproj", "{07B255BC-64A6-4C34-A5AD-7689DE3BC2A0}"
EndProject
Project("{FAE04EC0-301F-11D3-BF4B-00C04F79EFBC}") = "ARF.Blazor.TravelBookingPlatform.Client", "ARF.Blazor.TravelBookingPlatform\ARF.Blazor.TravelBookingPlatform.Client\ARF.Blazor.TravelBookingPlatform.Client.csproj", "{6BE756D8-8E64-4B3E-A969-1647DA721539}"
EndProject
Project("{9A19103F-16F7-4668-BE54-9A1E7A4F7556}") = "ARF.Blazor.DAL", "ARF.Blazor.DAL\ARF.Blazor.DAL.csproj", "{C139D020-43EE-4911-B769-4D4F750129C1}"
EndProject
Project("{9A19103F-16F7-4668-BE54-9A1E7A4F7556}") = "ARF.Blazor.Models", "ARF.Blazor.Models\ARF.Blazor.Models.csproj", "{519EF77D-6F12-49B6-B60B-D85436C7760F}"
EndProject
Project("{9A19103F-16F7-4668-BE54-9A1E7A4F7556}") = "ARF.Blazor.Repository", "ARF.Blazor.Repository\ARF.Blazor.Repository.csproj", "{428D9ACB-C1BF-4226-BB03-1B9D78537173}"
EndProject
Global
	GlobalSection(SolutionConfigurationPlatforms) = preSolution
		Debug|Any CPU = Debug|Any CPU
		Release|Any CPU = Release|Any CPU
	EndGlobalSection
	GlobalSection(ProjectConfigurationPlatforms) = postSolution
		{07B255BC-64A6-4C34-A5AD-7689DE3BC2A0}.Debug|Any CPU.ActiveCfg = Debug|Any CPU
		{07B255BC-64A6-4C34-A5AD-7689DE3BC2A0}.Debug|Any CPU.Build.0 = Debug|Any CPU
		{07B255BC-64A6-4C34-A5AD-7689DE3BC2A0}.Release|Any CPU.ActiveCfg = Release|Any CPU
		{07B255BC-64A6-4C34-A5AD-7689DE3BC2A0}.Release|Any CPU.Build.0 = Release|Any CPU
		{6BE756D8-8E64-4B3E-A969-1647DA721539}.Debug|Any CPU.ActiveCfg = Debug|Any CPU
		{6BE756D8-8E64-4B3E-A969-1647DA721539}.Debug|Any CPU.Build.0 = Debug|Any CPU
		{6BE756D8-8E64-4B3E-A969-1647DA721539}.Release|Any CPU.ActiveCfg = Release|Any CPU
		{6BE756D8-8E64-4B3E-A969-1647DA721539}.Release|Any CPU.Build.0 = Release|Any CPU
		{C139D020-43EE-4911-B769-4D4F750129C1}.Debug|Any CPU.ActiveCfg = Debug|Any CPU
		{C139D020-43EE-4911-B769-4D4F750129C1}.Debug|Any CPU.Build.0 = Debug|Any CPU
		{C139D020-43EE-4911-B769-4D4F750129C1}.Release|Any CPU.ActiveCfg = Release|Any CPU
		{C139D020-43EE-4911-B769-4D4F750129C1}.Release|Any CPU.Build.0 = Release|Any CPU
		{519EF77D-6F12-49B6-B60B-D85436C7760F}.Debug|Any CPU.ActiveCfg = Debug|Any CPU
		{519EF77D-6F12-49B6-B60B-D85436C7760F}.Debug|Any CPU.Build.0 = Debug|Any CPU
		{519EF77D-6F12-49B6-B60B-D85436C7760F}.Release|Any CPU.ActiveCfg = Release|Any CPU
		{519EF77D-6F12-49B6-B60B-D85436C7760F}.Release|Any CPU.Build.0 = Release|Any CPU
		{428D9ACB-C1BF-4226-BB03-1B9D78537173}.Debug|Any CPU.ActiveCfg = Debug|Any CPU
		{428D9ACB-C1BF-4226-BB03-1B9D78537173}.Debug|Any CPU.Build.0 = Debug|Any CPU
		{428D9ACB-C1BF-4226-BB03-1B9D78537173}.Release|Any CPU.ActiveCfg = Release|Any CPU
		{428D9ACB-C1BF-4226-BB03-1B9D78537173}.Release|Any CPU.Build.0 = Release|Any CPU
	EndGlobalSection
	GlobalSection(SolutionProperties) = preSolution
		HideSolutionNode = FALSE
	EndGlobalSection
	GlobalSection(ExtensibilityGlobals) = postSolution
		SolutionGuid = {D9F59BEF-FC39-48EA-AADC-C47E5470FA62}
	EndGlobalSection
EndGlobal
