
Microsoft Visual Studio Solution File, Format Version 12.00
# Visual Studio Version 17
VisualStudioVersion = 17.10.34916.146
MinimumVisualStudioVersion = 10.0.40219.1
Project("{9A19103F-16F7-4668-BE54-9A1E7A4F7556}") = "ARF.Blazor.TravelBookingPlatform", "ARF.Blazor.TravelBookingPlatform\ARF.Blazor.TravelBookingPlatform\ARF.Blazor.TravelBookingPlatform.csproj", "{07B255BC-64A6-4C34-A5AD-7689DE3BC2A0}"
EndProject
Project("{9A19103F-16F7-4668-BE54-9A1E7A4F7556}") = "ARF.Blazor.TravelBookingPlatform.Client", "ARF.Blazor.TravelBookingPlatform\ARF.Blazor.TravelBookingPlatform.Client\ARF.Blazor.TravelBookingPlatform.Client.csproj", "{6BE756D8-8E64-4B3E-A969-1647DA721539}"
EndProject
Project("{9A19103F-16F7-4668-BE54-9A1E7A4F7556}") = "ARF.DAL", "ARF.DAL\ARF.DAL.csproj", "{1F5738B6-05AD-4AC6-A2E4-8693FD1394D5}"
EndProject
Project("{9A19103F-16F7-4668-BE54-9A1E7A4F7556}") = "ARF.Models", "ARF.Models\ARF.Models.csproj", "{47BE47B7-7D90-4161-B73D-3848C9AE7766}"
EndProject
Project("{9A19103F-16F7-4668-BE54-9A1E7A4F7556}") = "ARF.Repositories", "ARF.Repositories\ARF.Repositories.csproj", "{CB4D9D72-6177-47AE-BB96-8151529F193C}"
EndProject
Global
	GlobalSection(SolutionConfigurationPlatforms) = preSolution
		Debug|Any CPU = Debug|Any CPU
		Release|Any CPU = Release|Any CPU
	EndGlobalSection
	GlobalSection(ProjectConfigurationPlatforms) = postSolution
		{07B255BC-64A6-4C34-A5AD-7689DE3BC2A0}.Debug|Any CPU.ActiveCfg = Debug|Any CPU
		{07B255BC-64A6-4C34-A5AD-7689DE3BC2A0}.Debug|Any CPU.Build.0 = Debug|Any CPU
		{07B255BC-64A6-4C34-A5AD-7689DE3BC2A0}.Release|Any CPU.ActiveCfg = Release|Any CPU
		{07B255BC-64A6-4C34-A5AD-7689DE3BC2A0}.Release|Any CPU.Build.0 = Release|Any CPU
		{6BE756D8-8E64-4B3E-A969-1647DA721539}.Debug|Any CPU.ActiveCfg = Debug|Any CPU
		{6BE756D8-8E64-4B3E-A969-1647DA721539}.Debug|Any CPU.Build.0 = Debug|Any CPU
		{6BE756D8-8E64-4B3E-A969-1647DA721539}.Release|Any CPU.ActiveCfg = Release|Any CPU
		{6BE756D8-8E64-4B3E-A969-1647DA721539}.Release|Any CPU.Build.0 = Release|Any CPU
		{1F5738B6-05AD-4AC6-A2E4-8693FD1394D5}.Debug|Any CPU.ActiveCfg = Debug|Any CPU
		{1F5738B6-05AD-4AC6-A2E4-8693FD1394D5}.Debug|Any CPU.Build.0 = Debug|Any CPU
		{1F5738B6-05AD-4AC6-A2E4-8693FD1394D5}.Release|Any CPU.ActiveCfg = Release|Any CPU
		{1F5738B6-05AD-4AC6-A2E4-8693FD1394D5}.Release|Any CPU.Build.0 = Release|Any CPU
		{47BE47B7-7D90-4161-B73D-3848C9AE7766}.Debug|Any CPU.ActiveCfg = Debug|Any CPU
		{47BE47B7-7D90-4161-B73D-3848C9AE7766}.Debug|Any CPU.Build.0 = Debug|Any CPU
		{47BE47B7-7D90-4161-B73D-3848C9AE7766}.Release|Any CPU.ActiveCfg = Release|Any CPU
		{47BE47B7-7D90-4161-B73D-3848C9AE7766}.Release|Any CPU.Build.0 = Release|Any CPU
		{CB4D9D72-6177-47AE-BB96-8151529F193C}.Debug|Any CPU.ActiveCfg = Debug|Any CPU
		{CB4D9D72-6177-47AE-BB96-8151529F193C}.Debug|Any CPU.Build.0 = Debug|Any CPU
		{CB4D9D72-6177-47AE-BB96-8151529F193C}.Release|Any CPU.ActiveCfg = Release|Any CPU
		{CB4D9D72-6177-47AE-BB96-8151529F193C}.Release|Any CPU.Build.0 = Release|Any CPU
	EndGlobalSection
	GlobalSection(SolutionProperties) = preSolution
		HideSolutionNode = FALSE
	EndGlobalSection
	GlobalSection(ExtensibilityGlobals) = postSolution
		SolutionGuid = {D9F59BEF-FC39-48EA-AADC-C47E5470FA62}
	EndGlobalSection
EndGlobal
